
Microsoft Visual Studio Solution File, Format Version 12.00
# Visual Studio 15
VisualStudioVersion = 15.0.27703.2026
MinimumVisualStudioVersion = 10.0.40219.1
Project("{FAE04EC0-301F-11D3-BF4B-00C04F79EFBC}") = "WebApplication_MVC_Test_Lab2", "WebApplication_MVC_Test_Lab2\WebApplication_MVC_Test_Lab2.csproj", "{E787EFB1-4CBA-4713-AEA8-0BF35963D070}"
EndProject
Project("{FAE04EC0-301F-11D3-BF4B-00C04F79EFBC}") = "XUnitTest_MVC_Lab2", "XUnitTest_MVC_Lab2\XUnitTest_MVC_Lab2.csproj", "{C8C20627-DCC9-4C99-BDCF-6A02FFAC1D71}"
EndProject
Global
	GlobalSection(SolutionConfigurationPlatforms) = preSolution
		Debug|Any CPU = Debug|Any CPU
		Release|Any CPU = Release|Any CPU
	EndGlobalSection
	GlobalSection(ProjectConfigurationPlatforms) = postSolution
		{E787EFB1-4CBA-4713-AEA8-0BF35963D070}.Debug|Any CPU.ActiveCfg = Debug|Any CPU
		{E787EFB1-4CBA-4713-AEA8-0BF35963D070}.Debug|Any CPU.Build.0 = Debug|Any CPU
		{E787EFB1-4CBA-4713-AEA8-0BF35963D070}.Release|Any CPU.ActiveCfg = Release|Any CPU
		{E787EFB1-4CBA-4713-AEA8-0BF35963D070}.Release|Any CPU.Build.0 = Release|Any CPU
		{C8C20627-DCC9-4C99-BDCF-6A02FFAC1D71}.Debug|Any CPU.ActiveCfg = Debug|Any CPU
		{C8C20627-DCC9-4C99-BDCF-6A02FFAC1D71}.Debug|Any CPU.Build.0 = Debug|Any CPU
		{C8C20627-DCC9-4C99-BDCF-6A02FFAC1D71}.Release|Any CPU.ActiveCfg = Release|Any CPU
		{C8C20627-DCC9-4C99-BDCF-6A02FFAC1D71}.Release|Any CPU.Build.0 = Release|Any CPU
	EndGlobalSection
	GlobalSection(SolutionProperties) = preSolution
		HideSolutionNode = FALSE
	EndGlobalSection
	GlobalSection(ExtensibilityGlobals) = postSolution
		SolutionGuid = {0E99CDB7-7470-4584-8DBB-05C1B750A11A}
	EndGlobalSection
EndGlobal
